Microsoft Visual Studio Solution File, Format Version 8.00
Project("{FAE04EC0-301F-11D3-BF4B-00C04F79EFBC}") = "Communication", "Communication\Communication.csproj", "{27FDBE7F-707D-47D8-94FD-B3A017D28A57}"
	ProjectSection(ProjectDependencies) = postProject
	EndProjectSection
EndProject
Project("{FAE04EC0-301F-11D3-BF4B-00C04F79EFBC}") = "CFW", "..\CFW\CFW.csproj", "{A455FA1B-2BA0-4367-BF6F-787F6CC2252A}"
	ProjectSection(ProjectDependencies) = postProject
	EndProjectSection
EndProject
Project("{FAE04EC0-301F-11D3-BF4B-00C04F79EFBC}") = "Utilities", "..\Utilities\Utilities.csproj", "{D35FF4DE-38AD-4CEF-B056-11BAB3113E77}"
	ProjectSection(ProjectDependencies) = postProject
	EndProjectSection
EndProject
Project("{FAE04EC0-301F-11D3-BF4B-00C04F79EFBC}") = "UICOMM", "UICOMM\UICOMM.csproj", "{1D42BB32-4AAB-42A2-82FF-2B3BFC4916B8}"
	ProjectSection(ProjectDependencies) = postProject
	EndProjectSection
EndProject
Project("{FAE04EC0-301F-11D3-BF4B-00C04F79EFBC}") = "btGRMain", "..\btGRMain\btGRMain.csproj", "{CF1E8471-B01F-4275-9F98-ABDDA04B9D6F}"
	ProjectSection(ProjectDependencies) = postProject
	EndProjectSection
EndProject
Project("{FAE04EC0-301F-11D3-BF4B-00C04F79EFBC}") = "btGR", "..\btGRMain\btGR\btGR.csproj", "{6DF84E0C-FA60-48C9-9D64-7DAD0552C7AA}"
	ProjectSection(ProjectDependencies) = postProject
	EndProjectSection
EndProject
Project("{54435603-DBB4-11D2-8724-00A0C9A8B90C}") = "BtgrSetup", "BtgrSetup\BtgrSetup.vdproj", "{85E16FE5-0FFB-4723-B924-BA865E04D652}"
	ProjectSection(ProjectDependencies) = postProject
	EndProjectSection
EndProject
Global
	GlobalSection(SolutionConfiguration) = preSolution
		Debug = Debug
		Release = Release
	EndGlobalSection
	GlobalSection(ProjectConfiguration) = postSolution
		{27FDBE7F-707D-47D8-94FD-B3A017D28A57}.Debug.ActiveCfg = Debug|.NET
		{27FDBE7F-707D-47D8-94FD-B3A017D28A57}.Debug.Build.0 = Debug|.NET
		{27FDBE7F-707D-47D8-94FD-B3A017D28A57}.Release.ActiveCfg = Release|.NET
		{27FDBE7F-707D-47D8-94FD-B3A017D28A57}.Release.Build.0 = Release|.NET
		{A455FA1B-2BA0-4367-BF6F-787F6CC2252A}.Debug.ActiveCfg = Debug|.NET
		{A455FA1B-2BA0-4367-BF6F-787F6CC2252A}.Debug.Build.0 = Debug|.NET
		{A455FA1B-2BA0-4367-BF6F-787F6CC2252A}.Release.ActiveCfg = Release|.NET
		{A455FA1B-2BA0-4367-BF6F-787F6CC2252A}.Release.Build.0 = Release|.NET
		{D35FF4DE-38AD-4CEF-B056-11BAB3113E77}.Debug.ActiveCfg = Debug|.NET
		{D35FF4DE-38AD-4CEF-B056-11BAB3113E77}.Debug.Build.0 = Debug|.NET
		{D35FF4DE-38AD-4CEF-B056-11BAB3113E77}.Release.ActiveCfg = Release|.NET
		{D35FF4DE-38AD-4CEF-B056-11BAB3113E77}.Release.Build.0 = Release|.NET
		{1D42BB32-4AAB-42A2-82FF-2B3BFC4916B8}.Debug.ActiveCfg = Debug|.NET
		{1D42BB32-4AAB-42A2-82FF-2B3BFC4916B8}.Debug.Build.0 = Debug|.NET
		{1D42BB32-4AAB-42A2-82FF-2B3BFC4916B8}.Release.ActiveCfg = Release|.NET
		{1D42BB32-4AAB-42A2-82FF-2B3BFC4916B8}.Release.Build.0 = Release|.NET
		{CF1E8471-B01F-4275-9F98-ABDDA04B9D6F}.Debug.ActiveCfg = Debug|.NET
		{CF1E8471-B01F-4275-9F98-ABDDA04B9D6F}.Debug.Build.0 = Debug|.NET
		{CF1E8471-B01F-4275-9F98-ABDDA04B9D6F}.Release.ActiveCfg = Release|.NET
		{CF1E8471-B01F-4275-9F98-ABDDA04B9D6F}.Release.Build.0 = Release|.NET
		{6DF84E0C-FA60-48C9-9D64-7DAD0552C7AA}.Debug.ActiveCfg = Debug|.NET
		{6DF84E0C-FA60-48C9-9D64-7DAD0552C7AA}.Debug.Build.0 = Debug|.NET
		{6DF84E0C-FA60-48C9-9D64-7DAD0552C7AA}.Release.ActiveCfg = Release|.NET
		{6DF84E0C-FA60-48C9-9D64-7DAD0552C7AA}.Release.Build.0 = Release|.NET
		{85E16FE5-0FFB-4723-B924-BA865E04D652}.Debug.ActiveCfg = Debug
		{85E16FE5-0FFB-4723-B924-BA865E04D652}.Release.ActiveCfg = Release
	EndGlobalSection
	GlobalSection(ExtensibilityGlobals) = postSolution
	EndGlobalSection
	GlobalSection(ExtensibilityAddIns) = postSolution
	EndGlobalSection
EndGlobal
